
Microsoft Visual Studio Solution File, Format Version 12.00
# Visual Studio Version 17
VisualStudioVersion = 17.13.35919.96 d17.13
MinimumVisualStudioVersion = 10.0.40219.1
Project("{FAE04EC0-301F-11D3-BF4B-00C04F79EFBC}") = "crud", "crud\crud.csproj", "{B53FEE9F-144E-40B4-A455-66262DB8F91E}"
EndProject
Global
	GlobalSection(SolutionConfigurationPlatforms) = preSolution
		Debug|Any CPU = Debug|Any CPU
		Release|Any CPU = Release|Any CPU
	EndGlobalSection
	GlobalSection(ProjectConfigurationPlatforms) = postSolution
		{B53FEE9F-144E-40B4-A455-66262DB8F91E}.Debug|Any CPU.ActiveCfg = Debug|Any CPU
		{B53FEE9F-144E-40B4-A455-66262DB8F91E}.Debug|Any CPU.Build.0 = Debug|Any CPU
		{B53FEE9F-144E-40B4-A455-66262DB8F91E}.Release|Any CPU.ActiveCfg = Release|Any CPU
		{B53FEE9F-144E-40B4-A455-66262DB8F91E}.Release|Any CPU.Build.0 = Release|Any CPU
	EndGlobalSection
	GlobalSection(SolutionProperties) = preSolution
		HideSolutionNode = FALSE
	EndGlobalSection
	GlobalSection(ExtensibilityGlobals) = postSolution
		SolutionGuid = {1BC203D5-A60B-4D53-9562-D098C5392EF1}
	EndGlobalSection
EndGlobal
