
Microsoft Visual Studio Solution File, Format Version 12.00
# Visual Studio Version 17
VisualStudioVersion = 17.13.35919.96 d17.13
MinimumVisualStudioVersion = 10.0.40219.1
Project("{FAE04EC0-301F-11D3-BF4B-00C04F79EFBC}") = "WebApiCrud", "WebApiCrud\WebApiCrud.csproj", "{B044D32C-96CF-4B26-8DC7-9296F375FEF1}"
EndProject
Global
	GlobalSection(SolutionConfigurationPlatforms) = preSolution
		Debug|Any CPU = Debug|Any CPU
		Release|Any CPU = Release|Any CPU
	EndGlobalSection
	GlobalSection(ProjectConfigurationPlatforms) = postSolution
		{B044D32C-96CF-4B26-8DC7-9296F375FEF1}.Debug|Any CPU.ActiveCfg = Debug|Any CPU
		{B044D32C-96CF-4B26-8DC7-9296F375FEF1}.Debug|Any CPU.Build.0 = Debug|Any CPU
		{B044D32C-96CF-4B26-8DC7-9296F375FEF1}.Release|Any CPU.ActiveCfg = Release|Any CPU
		{B044D32C-96CF-4B26-8DC7-9296F375FEF1}.Release|Any CPU.Build.0 = Release|Any CPU
	EndGlobalSection
	GlobalSection(SolutionProperties) = preSolution
		HideSolutionNode = FALSE
	EndGlobalSection
	GlobalSection(ExtensibilityGlobals) = postSolution
		SolutionGuid = {7F9CDD47-5BFF-4AAA-B8D8-1C6430DC2078}
	EndGlobalSection
EndGlobal
