
Microsoft Visual Studio Solution File, Format Version 12.00
# Visual Studio Version 17
VisualStudioVersion = 17.13.35919.96 d17.13
MinimumVisualStudioVersion = 10.0.40219.1
Project("{FAE04EC0-301F-11D3-BF4B-00C04F79EFBC}") = "CSharpAdvance", "CSharpAdvance\CSharpAdvance.csproj", "{D796F6E7-5E26-40B9-AB59-C129F0F921E0}"
EndProject
Global
	GlobalSection(SolutionConfigurationPlatforms) = preSolution
		Debug|Any CPU = Debug|Any CPU
		Release|Any CPU = Release|Any CPU
	EndGlobalSection
	GlobalSection(ProjectConfigurationPlatforms) = postSolution
		{D796F6E7-5E26-40B9-AB59-C129F0F921E0}.Debug|Any CPU.ActiveCfg = Debug|Any CPU
		{D796F6E7-5E26-40B9-AB59-C129F0F921E0}.Debug|Any CPU.Build.0 = Debug|Any CPU
		{D796F6E7-5E26-40B9-AB59-C129F0F921E0}.Release|Any CPU.ActiveCfg = Release|Any CPU
		{D796F6E7-5E26-40B9-AB59-C129F0F921E0}.Release|Any CPU.Build.0 = Release|Any CPU
	EndGlobalSection
	GlobalSection(SolutionProperties) = preSolution
		HideSolutionNode = FALSE
	EndGlobalSection
	GlobalSection(ExtensibilityGlobals) = postSolution
		SolutionGuid = {5727A2C3-FAE0-4EEC-BA95-C79A70DD2CBE}
	EndGlobalSection
EndGlobal
