
Microsoft Visual Studio Solution File, Format Version 12.00
# Visual Studio Version 17
VisualStudioVersion = 17.13.35919.96 d17.13
MinimumVisualStudioVersion = 10.0.40219.1
Project("{FAE04EC0-301F-11D3-BF4B-00C04F79EFBC}") = "LogicalQuestion", "LogicalQuestion\LogicalQuestion.csproj", "{50208B5C-6C92-4231-BE87-80D9EA4DD1CE}"
EndProject
Global
	GlobalSection(SolutionConfigurationPlatforms) = preSolution
		Debug|Any CPU = Debug|Any CPU
		Release|Any CPU = Release|Any CPU
	EndGlobalSection
	GlobalSection(ProjectConfigurationPlatforms) = postSolution
		{50208B5C-6C92-4231-BE87-80D9EA4DD1CE}.Debug|Any CPU.ActiveCfg = Debug|Any CPU
		{50208B5C-6C92-4231-BE87-80D9EA4DD1CE}.Debug|Any CPU.Build.0 = Debug|Any CPU
		{50208B5C-6C92-4231-BE87-80D9EA4DD1CE}.Release|Any CPU.ActiveCfg = Release|Any CPU
		{50208B5C-6C92-4231-BE87-80D9EA4DD1CE}.Release|Any CPU.Build.0 = Release|Any CPU
	EndGlobalSection
	GlobalSection(SolutionProperties) = preSolution
		HideSolutionNode = FALSE
	EndGlobalSection
	GlobalSection(ExtensibilityGlobals) = postSolution
		SolutionGuid = {FE43D38B-8770-4613-BB8A-40AFDB9D30CB}
	EndGlobalSection
EndGlobal
