
Microsoft Visual Studio Solution File, Format Version 12.00
# Visual Studio Version 17
VisualStudioVersion = 17.13.35919.96 d17.13
MinimumVisualStudioVersion = 10.0.40219.1
Project("{FAE04EC0-301F-11D3-BF4B-00C04F79EFBC}") = "LINQ_IN_C#", "LINQ_IN_C#\LINQ_IN_C#.csproj", "{7C20278A-548B-40F2-88FB-18D83BD759E7}"
EndProject
Global
	GlobalSection(SolutionConfigurationPlatforms) = preSolution
		Debug|Any CPU = Debug|Any CPU
		Release|Any CPU = Release|Any CPU
	EndGlobalSection
	GlobalSection(ProjectConfigurationPlatforms) = postSolution
		{7C20278A-548B-40F2-88FB-18D83BD759E7}.Debug|Any CPU.ActiveCfg = Debug|Any CPU
		{7C20278A-548B-40F2-88FB-18D83BD759E7}.Debug|Any CPU.Build.0 = Debug|Any CPU
		{7C20278A-548B-40F2-88FB-18D83BD759E7}.Release|Any CPU.ActiveCfg = Release|Any CPU
		{7C20278A-548B-40F2-88FB-18D83BD759E7}.Release|Any CPU.Build.0 = Release|Any CPU
	EndGlobalSection
	GlobalSection(SolutionProperties) = preSolution
		HideSolutionNode = FALSE
	EndGlobalSection
	GlobalSection(ExtensibilityGlobals) = postSolution
		SolutionGuid = {131505AC-71F1-49C0-90A5-82E3E71B0FC3}
	EndGlobalSection
EndGlobal
